
Microsoft Visual Studio Solution File, Format Version 12.00
# Visual Studio Version 16
VisualStudioVersion = 25.0.1700.6
MinimumVisualStudioVersion = 10.0.40219.1
Project("{FAE04EC0-301F-11D3-BF4B-00C04F79EFBC}") = "bingo-MCB", "bingo-MCB\bingo-MCB.csproj", "{8C207B47-4498-410D-BA77-A73F20342758}"
EndProject
Global
	GlobalSection(SolutionConfigurationPlatforms) = preSolution
		Debug|Any CPU = Debug|Any CPU
		Release|Any CPU = Release|Any CPU
	EndGlobalSection
	GlobalSection(ProjectConfigurationPlatforms) = postSolution
		{8C207B47-4498-410D-BA77-A73F20342758}.Debug|Any CPU.ActiveCfg = Debug|Any CPU
		{8C207B47-4498-410D-BA77-A73F20342758}.Debug|Any CPU.Build.0 = Debug|Any CPU
		{8C207B47-4498-410D-BA77-A73F20342758}.Release|Any CPU.ActiveCfg = Release|Any CPU
		{8C207B47-4498-410D-BA77-A73F20342758}.Release|Any CPU.Build.0 = Release|Any CPU
	EndGlobalSection
	GlobalSection(SolutionProperties) = preSolution
		HideSolutionNode = FALSE
	EndGlobalSection
	GlobalSection(ExtensibilityGlobals) = postSolution
		SolutionGuid = {8472B1A0-F35C-4F75-9797-03A078FD3293}
	EndGlobalSection
EndGlobal
